// !$*UTF8*$!
{
	archiveVersion = 1;
	classes = {
	};
	objectVersion = 46;
	objects = {

/* Begin PBXBuildFile section */
		CB0EF4D717F79B2600C1E045 /* UIKit.framework in Frameworks */ = {isa = PBXBuildFile; fileRef = CB0EF4D617F79B2600C1E045 /* UIKit.framework */; };
		CB0EF4D917F79B2600C1E045 /* Foundation.framework in Frameworks */ = {isa = PBXBuildFile; fileRef = CB0EF4D817F79B2600C1E045 /* Foundation.framework */; };
		CB0EF4DB17F79B2600C1E045 /* CoreGraphics.framework in Frameworks */ = {isa = PBXBuildFile; fileRef = CB0EF4DA17F79B2600C1E045 /* CoreGraphics.framework */; };
		CB0EF4E117F79B2600C1E045 /* InfoPlist.strings in Resources */ = {isa = PBXBuildFile; fileRef = CB0EF4DF17F79B2600C1E045 /* InfoPlist.strings */; };
		CB0EF4E317F79B2600C1E045 /* main.m in Sources */ = {isa = PBXBuildFile; fileRef = CB0EF4E217F79B2600C1E045 /* main.m */; };
		CB0EF4E717F79B2600C1E045 /* AppDelegate.m in Sources */ = {isa = PBXBuildFile; fileRef = CB0EF4E617F79B2600C1E045 /* AppDelegate.m */; };
		CB0EF4E917F79B2600C1E045 /* Default.png in Resources */ = {isa = PBXBuildFile; fileRef = CB0EF4E817F79B2600C1E045 /* Default.png */; };
		CB0EF4EB17F79B2600C1E045 /* Default@2x.png in Resources */ = {isa = PBXBuildFile; fileRef = CB0EF4EA17F79B2600C1E045 /* Default@2x.png */; };
		CB0EF4ED17F79B2700C1E045 /* Default-568h@2x.png in Resources */ = {isa = PBXBuildFile; fileRef = CB0EF4EC17F79B2700C1E045 /* Default-568h@2x.png */; };
		CB0EF4F017F79B2700C1E045 /* MainStoryboard.storyboard in Resources */ = {isa = PBXBuildFile; fileRef = CB0EF4EE17F79B2700C1E045 /* MainStoryboard.storyboard */; };
		CB0EF4F317F79B2700C1E045 /* FirstViewController.m in Sources */ = {isa = PBXBuildFile; fileRef = CB0EF4F217F79B2700C1E045 /* FirstViewController.m */; };
		CB0EF4F517F79B2700C1E045 /* first.png in Resources */ = {isa = PBXBuildFile; fileRef = CB0EF4F417F79B2700C1E045 /* first.png */; };
		CB0EF4F717F79B2700C1E045 /* first@2x.png in Resources */ = {isa = PBXBuildFile; fileRef = CB0EF4F617F79B2700C1E045 /* first@2x.png */; };
		CB0EF4FA17F79B2700C1E045 /* SecondViewController.m in Sources */ = {isa = PBXBuildFile; fileRef = CB0EF4F917F79B2700C1E045 /* SecondViewController.m */; };
		CB0EF4FC17F79B2700C1E045 /* second.png in Resources */ = {isa = PBXBuildFile; fileRef = CB0EF4FB17F79B2700C1E045 /* second.png */; };
		CB0EF4FE17F79B2700C1E045 /* second@2x.png in Resources */ = {isa = PBXBuildFile; fileRef = CB0EF4FD17F79B2700C1E045 /* second@2x.png */; };
		CB0EF50617F7A98B00C1E045 /* InicioViewController.m in Sources */ = {isa = PBXBuildFile; fileRef = CB0EF50517F7A98B00C1E045 /* InicioViewController.m */; };
		CB0EF50917F7A9DF00C1E045 /* HelpmeViewController.m in Sources */ = {isa = PBXBuildFile; fileRef = CB0EF50817F7A9DF00C1E045 /* HelpmeViewController.m */; };
/* End PBXBuildFile section */

/* Begin PBXFileReference section */
		CB0EF4D317F79B2600C1E045 /* flujoUnvampire.app */ = {isa = PBXFileReference; explicitFileType = wrapper.application; includeInIndex = 0; path = flujoUnvampire.app; sourceTree = BUILT_PRODUCTS_DIR; };
		CB0EF4D617F79B2600C1E045 /* UIKit.framework */ = {isa = PBXFileReference; lastKnownFileType = wrapper.framework; name = UIKit.framework; path = System/Library/Frameworks/UIKit.framework; sourceTree = SDKROOT; };
		CB0EF4D817F79B2600C1E045 /* Foundation.framework */ = {isa = PBXFileReference; lastKnownFileType = wrapper.framework; name = Foundation.framework; path = System/Library/Frameworks/Foundation.framework; sourceTree = SDKROOT; };
		CB0EF4DA17F79B2600C1E045 /* CoreGraphics.framework */ = {isa = PBXFileReference; lastKnownFileType = wrapper.framework; name = CoreGraphics.framework; path = System/Library/Frameworks/CoreGraphics.framework; sourceTree = SDKROOT; };
		CB0EF4DE17F79B2600C1E045 /* flujoUnvampire-Info.plist */ = {isa = PBXFileReference; lastKnownFileType = text.plist.xml; path = "flujoUnvampire-Info.plist"; sourceTree = "<group>"; };
		CB0EF4E017F79B2600C1E045 /* en */ = {isa = PBXFileReference; lastKnownFileType = text.plist.strings; name = en; path = en.lproj/InfoPlist.strings; sourceTree = "<group>"; };
		CB0EF4E217F79B2600C1E045 /* main.m */ = {isa = PBXFileReference; lastKnownFileType = sourcecode.c.objc; path = main.m; sourceTree = "<group>"; };
		CB0EF4E417F79B2600C1E045 /* flujoUnvampire-Prefix.pch */ = {isa = PBXFileReference; lastKnownFileType = sourcecode.c.h; path = "flujoUnvampire-Prefix.pch"; sourceTree = "<group>"; };
		CB0EF4E517F79B2600C1E045 /* AppDelegate.h */ = {isa = PBXFileReference; lastKnownFileType = sourcecode.c.h; path = AppDelegate.h; sourceTree = "<group>"; };
		CB0EF4E617F79B2600C1E045 /* AppDelegate.m */ = {isa = PBXFileReference; lastKnownFileType = sourcecode.c.objc; path = AppDelegate.m; sourceTree = "<group>"; };
		CB0EF4E817F79B2600C1E045 /* Default.png */ = {isa = PBXFileReference; lastKnownFileType = image.png; path = Default.png; sourceTree = "<group>"; };
		CB0EF4EA17F79B2600C1E045 /* Default@2x.png */ = {isa = PBXFileReference; lastKnownFileType = image.png; path = "Default@2x.png"; sourceTree = "<group>"; };
		CB0EF4EC17F79B2700C1E045 /* Default-568h@2x.png */ = {isa = PBXFileReference; lastKnownFileType = image.png; path = "Default-568h@2x.png"; sourceTree = "<group>"; };
		CB0EF4EF17F79B2700C1E045 /* en */ = {isa = PBXFileReference; lastKnownFileType = file.storyboard; name = en; path = en.lproj/MainStoryboard.storyboard; sourceTree = "<group>"; };
		CB0EF4F117F79B2700C1E045 /* FirstViewController.h */ = {isa = PBXFileReference; lastKnownFileType = sourcecode.c.h; path = FirstViewController.h; sourceTree = "<group>"; };
		CB0EF4F217F79B2700C1E045 /* FirstViewController.m */ = {isa = PBXFileReference; lastKnownFileType = sourcecode.c.objc; path = FirstViewController.m; sourceTree = "<group>"; };
		CB0EF4F417F79B2700C1E045 /* first.png */ = {isa = PBXFileReference; lastKnownFileType = image.png; path = first.png; sourceTree = "<group>"; };
		CB0EF4F617F79B2700C1E045 /* first@2x.png */ = {isa = PBXFileReference; lastKnownFileType = image.png; path = "first@2x.png"; sourceTree = "<group>"; };
		CB0EF4F817F79B2700C1E045 /* SecondViewController.h */ = {isa = PBXFileReference; lastKnownFileType = sourcecode.c.h; path = SecondViewController.h; sourceTree = "<group>"; };
		CB0EF4F917F79B2700C1E045 /* SecondViewController.m */ = {isa = PBXFileReference; lastKnownFileType = sourcecode.c.objc; path = SecondViewController.m; sourceTree = "<group>"; };
		CB0EF4FB17F79B2700C1E045 /* second.png */ = {isa = PBXFileReference; lastKnownFileType = image.png; path = second.png; sourceTree = "<group>"; };
		CB0EF4FD17F79B2700C1E045 /* second@2x.png */ = {isa = PBXFileReference; lastKnownFileType = image.png; path = "second@2x.png"; sourceTree = "<group>"; };
		CB0EF50417F7A98B00C1E045 /* InicioViewController.h */ = {isa = PBXFileReference; fileEncoding = 4; lastKnownFileType = sourcecode.c.h; path = InicioViewController.h; sourceTree = "<group>"; };
		CB0EF50517F7A98B00C1E045 /* InicioViewController.m */ = {isa = PBXFileReference; fileEncoding = 4; lastKnownFileType = sourcecode.c.objc; path = InicioViewController.m; sourceTree = "<group>"; };
		CB0EF50717F7A9DF00C1E045 /* HelpmeViewController.h */ = {isa = PBXFileReference; fileEncoding = 4; lastKnownFileType = sourcecode.c.h; path = HelpmeViewController.h; sourceTree = "<group>"; };
		CB0EF50817F7A9DF00C1E045 /* HelpmeViewController.m */ = {isa = PBXFileReference; fileEncoding = 4; lastKnownFileType = sourcecode.c.objc; path = HelpmeViewController.m; sourceTree = "<group>"; };
/* End PBXFileReference section */

/* Begin PBXFrameworksBuildPhase section */
		CB0EF4D017F79B2600C1E045 /* Frameworks */ = {
			isa = PBXFrameworksBuildPhase;
			buildActionMask = 2147483647;
			files = (
				CB0EF4D717F79B2600C1E045 /* UIKit.framework in Frameworks */,
				CB0EF4D917F79B2600C1E045 /* Foundation.framework in Frameworks */,
				CB0EF4DB17F79B2600C1E045 /* CoreGraphics.framework in Frameworks */,
			);
			runOnlyForDeploymentPostprocessing = 0;
		};
/* End PBXFrameworksBuildPhase section */

/* Begin PBXGroup section */
		CB0EF4CA17F79B2600C1E045 = {
			isa = PBXGroup;
			children = (
				CB0EF4DC17F79B2600C1E045 /* flujoUnvampire */,
				CB0EF4D517F79B2600C1E045 /* Frameworks */,
				CB0EF4D417F79B2600C1E045 /* Products */,
			);
			sourceTree = "<group>";
		};
		CB0EF4D417F79B2600C1E045 /* Products */ = {
			isa = PBXGroup;
			children = (
				CB0EF4D317F79B2600C1E045 /* flujoUnvampire.app */,
			);
			name = Products;
			sourceTree = "<group>";
		};
		CB0EF4D517F79B2600C1E045 /* Frameworks */ = {
			isa = PBXGroup;
			children = (
				CB0EF4D617F79B2600C1E045 /* UIKit.framework */,
				CB0EF4D817F79B2600C1E045 /* Foundation.framework */,
				CB0EF4DA17F79B2600C1E045 /* CoreGraphics.framework */,
			);
			name = Frameworks;
			sourceTree = "<group>";
		};
		CB0EF4DC17F79B2600C1E045 /* flujoUnvampire */ = {
			isa = PBXGroup;
			children = (
				CB0EF4E517F79B2600C1E045 /* AppDelegate.h */,
				CB0EF4E617F79B2600C1E045 /* AppDelegate.m */,
				CB0EF4EE17F79B2700C1E045 /* MainStoryboard.storyboard */,
				CB0EF50717F7A9DF00C1E045 /* HelpmeViewController.h */,
				CB0EF50817F7A9DF00C1E045 /* HelpmeViewController.m */,
				CB0EF50417F7A98B00C1E045 /* InicioViewController.h */,
				CB0EF50517F7A98B00C1E045 /* InicioViewController.m */,
				CB0EF4F117F79B2700C1E045 /* FirstViewController.h */,
				CB0EF4F217F79B2700C1E045 /* FirstViewController.m */,
				CB0EF4F417F79B2700C1E045 /* first.png */,
				CB0EF4F617F79B2700C1E045 /* first@2x.png */,
				CB0EF4F817F79B2700C1E045 /* SecondViewController.h */,
				CB0EF4F917F79B2700C1E045 /* SecondViewController.m */,
				CB0EF4FB17F79B2700C1E045 /* second.png */,
				CB0EF4FD17F79B2700C1E045 /* second@2x.png */,
				CB0EF4DD17F79B2600C1E045 /* Supporting Files */,
			);
			path = flujoUnvampire;
			sourceTree = "<group>";
		};
		CB0EF4DD17F79B2600C1E045 /* Supporting Files */ = {
			isa = PBXGroup;
			children = (
				CB0EF4DE17F79B2600C1E045 /* flujoUnvampire-Info.plist */,
				CB0EF4DF17F79B2600C1E045 /* InfoPlist.strings */,
				CB0EF4E217F79B2600C1E045 /* main.m */,
				CB0EF4E417F79B2600C1E045 /* flujoUnvampire-Prefix.pch */,
				CB0EF4E817F79B2600C1E045 /* Default.png */,
				CB0EF4EA17F79B2600C1E045 /* Default@2x.png */,
				CB0EF4EC17F79B2700C1E045 /* Default-568h@2x.png */,
			);
			name = "Supporting Files";
			sourceTree = "<group>";
		};
/* End PBXGroup section */

/* Begin PBXNativeTarget section */
		CB0EF4D217F79B2600C1E045 /* flujoUnvampire */ = {
			isa = PBXNativeTarget;
			buildConfigurationList = CB0EF50117F79B2700C1E045 /* Build configuration list for PBXNativeTarget "flujoUnvampire" */;
			buildPhases = (
				CB0EF4CF17F79B2600C1E045 /* Sources */,
				CB0EF4D017F79B2600C1E045 /* Frameworks */,
				CB0EF4D117F79B2600C1E045 /* Resources */,
			);
			buildRules = (
			);
			dependencies = (
			);
			name = flujoUnvampire;
			productName = flujoUnvampire;
			productReference = CB0EF4D317F79B2600C1E045 /* flujoUnvampire.app */;
			productType = "com.apple.product-type.application";
		};
/* End PBXNativeTarget section */

/* Begin PBXProject section */
		CB0EF4CB17F79B2600C1E045 /* Project object */ = {
			isa = PBXProject;
			attributes = {
				LastUpgradeCheck = 0460;
				ORGANIZATIONNAME = "Henry AT";
			};
			buildConfigurationList = CB0EF4CE17F79B2600C1E045 /* Build configuration list for PBXProject "flujoUnvampire" */;
			compatibilityVersion = "Xcode 3.2";
			developmentRegion = English;
			hasScannedForEncodings = 0;
			knownRegions = (
				en,
			);
			mainGroup = CB0EF4CA17F79B2600C1E045;
			productRefGroup = CB0EF4D417F79B2600C1E045 /* Products */;
			projectDirPath = "";
			projectRoot = "";
			targets = (
				CB0EF4D217F79B2600C1E045 /* flujoUnvampire */,
			);
		};
/* End PBXProject section */

/* Begin PBXResourcesBuildPhase section */
		CB0EF4D117F79B2600C1E045 /* Resources */ = {
			isa = PBXResourcesBuildPhase;
			buildActionMask = 2147483647;
			files = (
				CB0EF4E117F79B2600C1E045 /* InfoPlist.strings in Resources */,
				CB0EF4E917F79B2600C1E045 /* Default.png in Resources */,
				CB0EF4EB17F79B2600C1E045 /* Default@2x.png in Resources */,
				CB0EF4ED17F79B2700C1E045 /* Default-568h@2x.png in Resources */,
				CB0EF4F017F79B2700C1E045 /* MainStoryboard.storyboard in Resources */,
				CB0EF4F517F79B2700C1E045 /* first.png in Resources */,
				CB0EF4F717F79B2700C1E045 /* first@2x.png in Resources */,
				CB0EF4FC17F79B2700C1E045 /* second.png in Resources */,
				CB0EF4FE17F79B2700C1E045 /* second@2x.png in Resources */,
			);
			runOnlyForDeploymentPostprocessing = 0;
		};
/* End PBXResourcesBuildPhase section */

/* Begin PBXSourcesBuildPhase section */
		CB0EF4CF17F79B2600C1E045 /* Sources */ = {
			isa = PBXSourcesBuildPhase;
			buildActionMask = 2147483647;
			files = (
				CB0EF4E317F79B2600C1E045 /* main.m in Sources */,
				CB0EF4E717F79B2600C1E045 /* AppDelegate.m in Sources */,
				CB0EF4F317F79B2700C1E045 /* FirstViewController.m in Sources */,
				CB0EF4FA17F79B2700C1E045 /* SecondViewController.m in Sources */,
				CB0EF50617F7A98B00C1E045 /* InicioViewController.m in Sources */,
				CB0EF50917F7A9DF00C1E045 /* HelpmeViewController.m in Sources */,
			);
			runOnlyForDeploymentPostprocessing = 0;
		};
/* End PBXSourcesBuildPhase section */

/* Begin PBXVariantGroup section */
		CB0EF4DF17F79B2600C1E045 /* InfoPlist.strings */ = {
			isa = PBXVariantGroup;
			children = (
				CB0EF4E017F79B2600C1E045 /* en */,
			);
			name = InfoPlist.strings;
			sourceTree = "<group>";
		};
		CB0EF4EE17F79B2700C1E045 /* MainStoryboard.storyboard */ = {
			isa = PBXVariantGroup;
			children = (
				CB0EF4EF17F79B2700C1E045 /* en */,
			);
			name = MainStoryboard.storyboard;
			sourceTree = "<group>";
		};
/* End PBXVariantGroup section */

/* Begin XCBuildConfiguration section */
		CB0EF4FF17F79B2700C1E045 /* Debug */ = {
			isa = XCBuildConfiguration;
			buildSettings = {
				ALWAYS_SEARCH_USER_PATHS = NO;
				CLANG_CXX_LANGUAGE_STANDARD = "gnu++0x";
				CLANG_CXX_LIBRARY = "libc++";
				CLANG_ENABLE_OBJC_ARC = YES;
				CLANG_WARN_CONSTANT_CONVERSION = YES;
				CLANG_WARN_EMPTY_BODY = YES;
				CLANG_WARN_ENUM_CONVERSION = YES;
				CLANG_WARN_INT_CONVERSION = YES;
				CLANG_WARN__DUPLICATE_METHOD_MATCH = YES;
				"CODE_SIGN_IDENTITY[sdk=iphoneos*]" = "iPhone Developer";
				COPY_PHASE_STRIP = NO;
				GCC_C_LANGUAGE_STANDARD = gnu99;
				GCC_DYNAMIC_NO_PIC = NO;
				GCC_OPTIMIZATION_LEVEL = 0;
				GCC_PREPROCESSOR_DEFINITIONS = (
					"DEBUG=1",
					"$(inherited)",
				);
				GCC_SYMBOLS_PRIVATE_EXTERN = NO;
				GCC_WARN_ABOUT_RETURN_TYPE = YES;
				GCC_WARN_UNINITIALIZED_AUTOS = YES;
				GCC_WARN_UNUSED_VARIABLE = YES;
				IPHONEOS_DEPLOYMENT_TARGET = 5.1;
				ONLY_ACTIVE_ARCH = YES;
				SDKROOT = iphoneos;
			};
			name = Debug;
		};
		CB0EF50017F79B2700C1E045 /* Release */ = {
			isa = XCBuildConfiguration;
			buildSettings = {
				ALWAYS_SEARCH_USER_PATHS = NO;
				CLANG_CXX_LANGUAGE_STANDARD = "gnu++0x";
				CLANG_CXX_LIBRARY = "libc++";
				CLANG_ENABLE_OBJC_ARC = YES;
				CLANG_WARN_CONSTANT_CONVERSION = YES;
				CLANG_WARN_EMPTY_BODY = YES;
				CLANG_WARN_ENUM_CONVERSION = YES;
				CLANG_WARN_INT_CONVERSION = YES;
				CLANG_WARN__DUPLICATE_METHOD_MATCH = YES;
				"CODE_SIGN_IDENTITY[sdk=iphoneos*]" = "iPhone Developer";
				COPY_PHASE_STRIP = YES;
				GCC_C_LANGUAGE_STANDARD = gnu99;
				GCC_WARN_ABOUT_RETURN_TYPE = YES;
				GCC_WARN_UNINITIALIZED_AUTOS = YES;
				GCC_WARN_UNUSED_VARIABLE = YES;
				IPHONEOS_DEPLOYMENT_TARGET = 5.1;
				OTHER_CFLAGS = "-DNS_BLOCK_ASSERTIONS=1";
				SDKROOT = iphoneos;
				VALIDATE_PRODUCT = YES;
			};
			name = Release;
		};
		CB0EF50217F79B2700C1E045 /* Debug */ = {
			isa = XCBuildConfiguration;
			buildSettings = {
				GCC_PRECOMPILE_PREFIX_HEADER = YES;
				GCC_PREFIX_HEADER = "flujoUnvampire/flujoUnvampire-Prefix.pch";
				INFOPLIST_FILE = "flujoUnvampire/flujoUnvampire-Info.plist";
				PRODUCT_NAME = "$(TARGET_NAME)";
				WRAPPER_EXTENSION = app;
			};
			name = Debug;
		};
		CB0EF50317F79B2700C1E045 /* Release */ = {
			isa = XCBuildConfiguration;
			buildSettings = {
				GCC_PRECOMPILE_PREFIX_HEADER = YES;
				GCC_PREFIX_HEADER = "flujoUnvampire/flujoUnvampire-Prefix.pch";
				INFOPLIST_FILE = "flujoUnvampire/flujoUnvampire-Info.plist";
				PRODUCT_NAME = "$(TARGET_NAME)";
				WRAPPER_EXTENSION = app;
			};
			name = Release;
		};
/* End XCBuildConfiguration section */

/* Begin XCConfigurationList section */
		CB0EF4CE17F79B2600C1E045 /* Build configuration list for PBXProject "flujoUnvampire" */ = {
			isa = XCConfigurationList;
			buildConfigurations = (
				CB0EF4FF17F79B2700C1E045 /* Debug */,
				CB0EF50017F79B2700C1E045 /* Release */,
			);
			defaultConfigurationIsVisible = 0;
			defaultConfigurationName = Release;
		};
		CB0EF50117F79B2700C1E045 /* Build configuration list for PBXNativeTarget "flujoUnvampire" */ = {
			isa = XCConfigurationList;
			buildConfigurations = (
				CB0EF50217F79B2700C1E045 /* Debug */,
				CB0EF50317F79B2700C1E045 /* Release */,
			);
			defaultConfigurationIsVisible = 0;
		};
/* End XCConfigurationList section */
	};
	rootObject = CB0EF4CB17F79B2600C1E045 /* Project object */;
}
